
Microsoft Visual Studio Solution File, Format Version 12.00
# Visual Studio Version 17
VisualStudioVersion = 17.8.34525.116
MinimumVisualStudioVersion = 10.0.40219.1
Project("{FAE04EC0-301F-11D3-BF4B-00C04F79EFBC}") = "Cezary", "Cezary.csproj", "{440D9B1D-DC56-4560-9E70-06029811D197}"
EndProject
Project("{FAE04EC0-301F-11D3-BF4B-00C04F79EFBC}") = "CaeserCipher Tests", "..\CaeserCipher Tests\CaeserCipher Tests.csproj", "{2E333590-FB87-4A57-94E8-914BC072CCE7}"
EndProject
Global
	GlobalSection(SolutionConfigurationPlatforms) = preSolution
		Debug|Any CPU = Debug|Any CPU
		Release|Any CPU = Release|Any CPU
	EndGlobalSection
	GlobalSection(ProjectConfigurationPlatforms) = postSolution
		{440D9B1D-DC56-4560-9E70-06029811D197}.Debug|Any CPU.ActiveCfg = Debug|Any CPU
		{440D9B1D-DC56-4560-9E70-06029811D197}.Debug|Any CPU.Build.0 = Debug|Any CPU
		{440D9B1D-DC56-4560-9E70-06029811D197}.Release|Any CPU.ActiveCfg = Release|Any CPU
		{440D9B1D-DC56-4560-9E70-06029811D197}.Release|Any CPU.Build.0 = Release|Any CPU
		{2E333590-FB87-4A57-94E8-914BC072CCE7}.Debug|Any CPU.ActiveCfg = Debug|Any CPU
		{2E333590-FB87-4A57-94E8-914BC072CCE7}.Debug|Any CPU.Build.0 = Debug|Any CPU
		{2E333590-FB87-4A57-94E8-914BC072CCE7}.Release|Any CPU.ActiveCfg = Release|Any CPU
		{2E333590-FB87-4A57-94E8-914BC072CCE7}.Release|Any CPU.Build.0 = Release|Any CPU
	EndGlobalSection
	GlobalSection(SolutionProperties) = preSolution
		HideSolutionNode = FALSE
	EndGlobalSection
	GlobalSection(ExtensibilityGlobals) = postSolution
		SolutionGuid = {F66493EB-B39D-4D2F-9CD2-8DFAFEEBCFDD}
	EndGlobalSection
EndGlobal
