
Microsoft Visual Studio Solution File, Format Version 12.00
# Visual Studio Version 17
VisualStudioVersion = 17.8.34525.116
MinimumVisualStudioVersion = 10.0.40219.1
Project("{FAE04EC0-301F-11D3-BF4B-00C04F79EFBC}") = "Music", "Music.csproj", "{A2A39127-893C-4633-9CCB-5541EDBDFDAF}"
EndProject
Global
	GlobalSection(SolutionConfigurationPlatforms) = preSolution
		Debug|Any CPU = Debug|Any CPU
		Release|Any CPU = Release|Any CPU
	EndGlobalSection
	GlobalSection(ProjectConfigurationPlatforms) = postSolution
		{A2A39127-893C-4633-9CCB-5541EDBDFDAF}.Debug|Any CPU.ActiveCfg = Debug|Any CPU
		{A2A39127-893C-4633-9CCB-5541EDBDFDAF}.Debug|Any CPU.Build.0 = Debug|Any CPU
		{A2A39127-893C-4633-9CCB-5541EDBDFDAF}.Release|Any CPU.ActiveCfg = Release|Any CPU
		{A2A39127-893C-4633-9CCB-5541EDBDFDAF}.Release|Any CPU.Build.0 = Release|Any CPU
	EndGlobalSection
	GlobalSection(SolutionProperties) = preSolution
		HideSolutionNode = FALSE
	EndGlobalSection
	GlobalSection(ExtensibilityGlobals) = postSolution
		SolutionGuid = {1B8F8878-6E1B-4013-AEDD-E08AA52A92F1}
	EndGlobalSection
EndGlobal
