
Microsoft Visual Studio Solution File, Format Version 12.00
# Visual Studio Version 17
VisualStudioVersion = 17.8.34525.116
MinimumVisualStudioVersion = 10.0.40219.1
Project("{FAE04EC0-301F-11D3-BF4B-00C04F79EFBC}") = "Paszport", "Paszport.csproj", "{F422B16C-63CC-4552-8142-D6EB835E83CC}"
EndProject
Global
	GlobalSection(SolutionConfigurationPlatforms) = preSolution
		Debug|Any CPU = Debug|Any CPU
		Release|Any CPU = Release|Any CPU
	EndGlobalSection
	GlobalSection(ProjectConfigurationPlatforms) = postSolution
		{F422B16C-63CC-4552-8142-D6EB835E83CC}.Debug|Any CPU.ActiveCfg = Debug|Any CPU
		{F422B16C-63CC-4552-8142-D6EB835E83CC}.Debug|Any CPU.Build.0 = Debug|Any CPU
		{F422B16C-63CC-4552-8142-D6EB835E83CC}.Release|Any CPU.ActiveCfg = Release|Any CPU
		{F422B16C-63CC-4552-8142-D6EB835E83CC}.Release|Any CPU.Build.0 = Release|Any CPU
	EndGlobalSection
	GlobalSection(SolutionProperties) = preSolution
		HideSolutionNode = FALSE
	EndGlobalSection
	GlobalSection(ExtensibilityGlobals) = postSolution
		SolutionGuid = {292D8F25-FB9C-43B5-848C-FC88B9132D14}
	EndGlobalSection
EndGlobal
