
Microsoft Visual Studio Solution File, Format Version 12.00
# Visual Studio Version 17
VisualStudioVersion = 17.8.34525.116
MinimumVisualStudioVersion = 10.0.40219.1
Project("{FAE04EC0-301F-11D3-BF4B-00C04F79EFBC}") = "PESELCheck", "PESELCheck.csproj", "{6C4792F7-DCC3-4C54-A963-517094C0115A}"
EndProject
Global
	GlobalSection(SolutionConfigurationPlatforms) = preSolution
		Debug|Any CPU = Debug|Any CPU
		Release|Any CPU = Release|Any CPU
	EndGlobalSection
	GlobalSection(ProjectConfigurationPlatforms) = postSolution
		{6C4792F7-DCC3-4C54-A963-517094C0115A}.Debug|Any CPU.ActiveCfg = Debug|Any CPU
		{6C4792F7-DCC3-4C54-A963-517094C0115A}.Debug|Any CPU.Build.0 = Debug|Any CPU
		{6C4792F7-DCC3-4C54-A963-517094C0115A}.Release|Any CPU.ActiveCfg = Release|Any CPU
		{6C4792F7-DCC3-4C54-A963-517094C0115A}.Release|Any CPU.Build.0 = Release|Any CPU
	EndGlobalSection
	GlobalSection(SolutionProperties) = preSolution
		HideSolutionNode = FALSE
	EndGlobalSection
	GlobalSection(ExtensibilityGlobals) = postSolution
		SolutionGuid = {233E6E95-647E-4539-8827-8ABDC800E735}
	EndGlobalSection
EndGlobal
